
Microsoft Visual Studio Solution File, Format Version 12.00
# Visual Studio Version 17
VisualStudioVersion = 17.6.33801.468
MinimumVisualStudioVersion = 10.0.40219.1
Project("{FAE04EC0-301F-11D3-BF4B-00C04F79EFBC}") = "gitapp", "gitapp\gitapp.csproj", "{315DDE5B-D6A8-40A3-BB80-A4A6B309391D}"
EndProject
Global
	GlobalSection(SolutionConfigurationPlatforms) = preSolution
		Debug|Any CPU = Debug|Any CPU
		Release|Any CPU = Release|Any CPU
	EndGlobalSection
	GlobalSection(ProjectConfigurationPlatforms) = postSolution
		{315DDE5B-D6A8-40A3-BB80-A4A6B309391D}.Debug|Any CPU.ActiveCfg = Debug|Any CPU
		{315DDE5B-D6A8-40A3-BB80-A4A6B309391D}.Debug|Any CPU.Build.0 = Debug|Any CPU
		{315DDE5B-D6A8-40A3-BB80-A4A6B309391D}.Release|Any CPU.ActiveCfg = Release|Any CPU
		{315DDE5B-D6A8-40A3-BB80-A4A6B309391D}.Release|Any CPU.Build.0 = Release|Any CPU
	EndGlobalSection
	GlobalSection(SolutionProperties) = preSolution
		HideSolutionNode = FALSE
	EndGlobalSection
	GlobalSection(ExtensibilityGlobals) = postSolution
		SolutionGuid = {D7378B56-A241-4E41-AB00-B87FD68CA543}
	EndGlobalSection
EndGlobal
